
Microsoft Visual Studio Solution File, Format Version 12.00
# Visual Studio Version 16
VisualStudioVersion = 16.0.28729.10
MinimumVisualStudioVersion = 10.0.40219.1
Project("{9A19103F-16F7-4668-BE54-9A1E7A4F7556}") = "Programming01", "Programming01\Programming01.csproj", "{C6A6EE12-8743-4019-8D6A-1124D626FE0C}"
EndProject
Project("{9A19103F-16F7-4668-BE54-9A1E7A4F7556}") = "Programming02", "Programming02\Programming02.csproj", "{CBA72A58-7E92-4C8F-94D6-F60AFF35240D}"
EndProject
Project("{9A19103F-16F7-4668-BE54-9A1E7A4F7556}") = "Programming11", "Programming11\Programming11.csproj", "{2A0E6432-8E9B-4236-BE3B-41A60C61E3AD}"
EndProject
Project("{9A19103F-16F7-4668-BE54-9A1E7A4F7556}") = "Utils", "Utils\Utils.csproj", "{BF2D6BEC-8523-4AC7-A67B-7F11C3EB8A05}"
EndProject
Project("{FAE04EC0-301F-11D3-BF4B-00C04F79EFBC}") = "Programming12", "Programming12\Programming12.csproj", "{B8F098C1-574C-4A97-8201-61F142E3BF83}"
EndProject
Global
	GlobalSection(SolutionConfigurationPlatforms) = preSolution
		Debug|Any CPU = Debug|Any CPU
		Release|Any CPU = Release|Any CPU
	EndGlobalSection
	GlobalSection(ProjectConfigurationPlatforms) = postSolution
		{C6A6EE12-8743-4019-8D6A-1124D626FE0C}.Debug|Any CPU.ActiveCfg = Debug|Any CPU
		{C6A6EE12-8743-4019-8D6A-1124D626FE0C}.Debug|Any CPU.Build.0 = Debug|Any CPU
		{C6A6EE12-8743-4019-8D6A-1124D626FE0C}.Release|Any CPU.ActiveCfg = Release|Any CPU
		{C6A6EE12-8743-4019-8D6A-1124D626FE0C}.Release|Any CPU.Build.0 = Release|Any CPU
		{CBA72A58-7E92-4C8F-94D6-F60AFF35240D}.Debug|Any CPU.ActiveCfg = Debug|Any CPU
		{CBA72A58-7E92-4C8F-94D6-F60AFF35240D}.Debug|Any CPU.Build.0 = Debug|Any CPU
		{CBA72A58-7E92-4C8F-94D6-F60AFF35240D}.Release|Any CPU.ActiveCfg = Release|Any CPU
		{CBA72A58-7E92-4C8F-94D6-F60AFF35240D}.Release|Any CPU.Build.0 = Release|Any CPU
		{2A0E6432-8E9B-4236-BE3B-41A60C61E3AD}.Debug|Any CPU.ActiveCfg = Debug|Any CPU
		{2A0E6432-8E9B-4236-BE3B-41A60C61E3AD}.Debug|Any CPU.Build.0 = Debug|Any CPU
		{2A0E6432-8E9B-4236-BE3B-41A60C61E3AD}.Release|Any CPU.ActiveCfg = Release|Any CPU
		{2A0E6432-8E9B-4236-BE3B-41A60C61E3AD}.Release|Any CPU.Build.0 = Release|Any CPU
		{BF2D6BEC-8523-4AC7-A67B-7F11C3EB8A05}.Debug|Any CPU.ActiveCfg = Debug|Any CPU
		{BF2D6BEC-8523-4AC7-A67B-7F11C3EB8A05}.Debug|Any CPU.Build.0 = Debug|Any CPU
		{BF2D6BEC-8523-4AC7-A67B-7F11C3EB8A05}.Release|Any CPU.ActiveCfg = Release|Any CPU
		{BF2D6BEC-8523-4AC7-A67B-7F11C3EB8A05}.Release|Any CPU.Build.0 = Release|Any CPU
		{B8F098C1-574C-4A97-8201-61F142E3BF83}.Debug|Any CPU.ActiveCfg = Debug|Any CPU
		{B8F098C1-574C-4A97-8201-61F142E3BF83}.Debug|Any CPU.Build.0 = Debug|Any CPU
		{B8F098C1-574C-4A97-8201-61F142E3BF83}.Release|Any CPU.ActiveCfg = Release|Any CPU
		{B8F098C1-574C-4A97-8201-61F142E3BF83}.Release|Any CPU.Build.0 = Release|Any CPU
	EndGlobalSection
	GlobalSection(SolutionProperties) = preSolution
		HideSolutionNode = FALSE
	EndGlobalSection
	GlobalSection(ExtensibilityGlobals) = postSolution
		SolutionGuid = {B5B1E1FA-5A15-406C-B8DF-3DDCDFF90278}
	EndGlobalSection
EndGlobal
